
Microsoft Visual Studio Solution File, Format Version 12.00
# Visual Studio Version 17
VisualStudioVersion = 17.11.35222.181
MinimumVisualStudioVersion = 10.0.40219.1
Project("{2150E333-8FDC-42A3-9474-1A3956D46DE8}") = "BookMicroservice", "BookMicroservice", "{D85ED719-D173-447C-8511-30A8E97FA62F}"
EndProject
Project("{9A19103F-16F7-4668-BE54-9A1E7A4F7556}") = "BookService.API", "BookService.API\BookService.API.csproj", "{09E5A1D8-E41E-4E54-965C-7E6C5804046B}"
EndProject
Project("{9A19103F-16F7-4668-BE54-9A1E7A4F7556}") = "BookService.Domain", "BookService.Domain\BookService.Domain.csproj", "{53B918BB-C75A-43A8-9DE2-28A6AB2AB1E0}"
EndProject
Project("{9A19103F-16F7-4668-BE54-9A1E7A4F7556}") = "BookService.Application", "BookService.Application\BookService.Application.csproj", "{A0489E9E-BD48-483E-B1ED-DE1BDDFA5005}"
EndProject
Project("{9A19103F-16F7-4668-BE54-9A1E7A4F7556}") = "BookService.Infrastructure", "BookService.Infrastructure\BookService.Infrastructure.csproj", "{DB3F92F6-9D65-4E38-A836-F0C654741412}"
EndProject
Project("{2150E333-8FDC-42A3-9474-1A3956D46DE8}") = "RentMicroservice", "RentMicroservice", "{6BD07BD3-37FE-4BBA-97E9-60BE122264A8}"
EndProject
Project("{9A19103F-16F7-4668-BE54-9A1E7A4F7556}") = "RentService.API", "RentService.API\RentService.API.csproj", "{3A3C0DF5-F3BA-42FB-9B19-76AA342127B1}"
EndProject
Project("{9A19103F-16F7-4668-BE54-9A1E7A4F7556}") = "RentService.Domain", "RentService.Domain\RentService.Domain.csproj", "{EE8F29FB-DC68-419D-B031-1359904F919E}"
EndProject
Project("{9A19103F-16F7-4668-BE54-9A1E7A4F7556}") = "RentService.Application", "RentService.Application\RentService.Application.csproj", "{8E685D51-9A1B-476A-BE61-B40B9F70C6AF}"
EndProject
Project("{9A19103F-16F7-4668-BE54-9A1E7A4F7556}") = "RentService.Infrastructure", "RentService.Infrastructure\RentService.Infrastructure.csproj", "{76F748BD-96A8-4F24-AC4F-848B000BB6A8}"
EndProject
Project("{FAE04EC0-301F-11D3-BF4B-00C04F79EFBC}") = "SharedContracts", "SharedContracts\SharedContracts.csproj", "{32F427A2-1C83-40A4-881A-9CF32517CCFB}"
EndProject
Global
	GlobalSection(SolutionConfigurationPlatforms) = preSolution
		Debug|Any CPU = Debug|Any CPU
		Release|Any CPU = Release|Any CPU
	EndGlobalSection
	GlobalSection(ProjectConfigurationPlatforms) = postSolution
		{09E5A1D8-E41E-4E54-965C-7E6C5804046B}.Debug|Any CPU.ActiveCfg = Debug|Any CPU
		{09E5A1D8-E41E-4E54-965C-7E6C5804046B}.Debug|Any CPU.Build.0 = Debug|Any CPU
		{09E5A1D8-E41E-4E54-965C-7E6C5804046B}.Release|Any CPU.ActiveCfg = Release|Any CPU
		{09E5A1D8-E41E-4E54-965C-7E6C5804046B}.Release|Any CPU.Build.0 = Release|Any CPU
		{53B918BB-C75A-43A8-9DE2-28A6AB2AB1E0}.Debug|Any CPU.ActiveCfg = Debug|Any CPU
		{53B918BB-C75A-43A8-9DE2-28A6AB2AB1E0}.Debug|Any CPU.Build.0 = Debug|Any CPU
		{53B918BB-C75A-43A8-9DE2-28A6AB2AB1E0}.Release|Any CPU.ActiveCfg = Release|Any CPU
		{53B918BB-C75A-43A8-9DE2-28A6AB2AB1E0}.Release|Any CPU.Build.0 = Release|Any CPU
		{A0489E9E-BD48-483E-B1ED-DE1BDDFA5005}.Debug|Any CPU.ActiveCfg = Debug|Any CPU
		{A0489E9E-BD48-483E-B1ED-DE1BDDFA5005}.Debug|Any CPU.Build.0 = Debug|Any CPU
		{A0489E9E-BD48-483E-B1ED-DE1BDDFA5005}.Release|Any CPU.ActiveCfg = Release|Any CPU
		{A0489E9E-BD48-483E-B1ED-DE1BDDFA5005}.Release|Any CPU.Build.0 = Release|Any CPU
		{DB3F92F6-9D65-4E38-A836-F0C654741412}.Debug|Any CPU.ActiveCfg = Debug|Any CPU
		{DB3F92F6-9D65-4E38-A836-F0C654741412}.Debug|Any CPU.Build.0 = Debug|Any CPU
		{DB3F92F6-9D65-4E38-A836-F0C654741412}.Release|Any CPU.ActiveCfg = Release|Any CPU
		{DB3F92F6-9D65-4E38-A836-F0C654741412}.Release|Any CPU.Build.0 = Release|Any CPU
		{3A3C0DF5-F3BA-42FB-9B19-76AA342127B1}.Debug|Any CPU.ActiveCfg = Debug|Any CPU
		{3A3C0DF5-F3BA-42FB-9B19-76AA342127B1}.Debug|Any CPU.Build.0 = Debug|Any CPU
		{3A3C0DF5-F3BA-42FB-9B19-76AA342127B1}.Release|Any CPU.ActiveCfg = Release|Any CPU
		{3A3C0DF5-F3BA-42FB-9B19-76AA342127B1}.Release|Any CPU.Build.0 = Release|Any CPU
		{EE8F29FB-DC68-419D-B031-1359904F919E}.Debug|Any CPU.ActiveCfg = Debug|Any CPU
		{EE8F29FB-DC68-419D-B031-1359904F919E}.Debug|Any CPU.Build.0 = Debug|Any CPU
		{EE8F29FB-DC68-419D-B031-1359904F919E}.Release|Any CPU.ActiveCfg = Release|Any CPU
		{EE8F29FB-DC68-419D-B031-1359904F919E}.Release|Any CPU.Build.0 = Release|Any CPU
		{8E685D51-9A1B-476A-BE61-B40B9F70C6AF}.Debug|Any CPU.ActiveCfg = Debug|Any CPU
		{8E685D51-9A1B-476A-BE61-B40B9F70C6AF}.Debug|Any CPU.Build.0 = Debug|Any CPU
		{8E685D51-9A1B-476A-BE61-B40B9F70C6AF}.Release|Any CPU.ActiveCfg = Release|Any CPU
		{8E685D51-9A1B-476A-BE61-B40B9F70C6AF}.Release|Any CPU.Build.0 = Release|Any CPU
		{76F748BD-96A8-4F24-AC4F-848B000BB6A8}.Debug|Any CPU.ActiveCfg = Debug|Any CPU
		{76F748BD-96A8-4F24-AC4F-848B000BB6A8}.Debug|Any CPU.Build.0 = Debug|Any CPU
		{76F748BD-96A8-4F24-AC4F-848B000BB6A8}.Release|Any CPU.ActiveCfg = Release|Any CPU
		{76F748BD-96A8-4F24-AC4F-848B000BB6A8}.Release|Any CPU.Build.0 = Release|Any CPU
		{32F427A2-1C83-40A4-881A-9CF32517CCFB}.Debug|Any CPU.ActiveCfg = Debug|Any CPU
		{32F427A2-1C83-40A4-881A-9CF32517CCFB}.Debug|Any CPU.Build.0 = Debug|Any CPU
		{32F427A2-1C83-40A4-881A-9CF32517CCFB}.Release|Any CPU.ActiveCfg = Release|Any CPU
		{32F427A2-1C83-40A4-881A-9CF32517CCFB}.Release|Any CPU.Build.0 = Release|Any CPU
	EndGlobalSection
	GlobalSection(SolutionProperties) = preSolution
		HideSolutionNode = FALSE
	EndGlobalSection
	GlobalSection(NestedProjects) = preSolution
		{09E5A1D8-E41E-4E54-965C-7E6C5804046B} = {D85ED719-D173-447C-8511-30A8E97FA62F}
		{53B918BB-C75A-43A8-9DE2-28A6AB2AB1E0} = {D85ED719-D173-447C-8511-30A8E97FA62F}
		{A0489E9E-BD48-483E-B1ED-DE1BDDFA5005} = {D85ED719-D173-447C-8511-30A8E97FA62F}
		{DB3F92F6-9D65-4E38-A836-F0C654741412} = {D85ED719-D173-447C-8511-30A8E97FA62F}
		{3A3C0DF5-F3BA-42FB-9B19-76AA342127B1} = {6BD07BD3-37FE-4BBA-97E9-60BE122264A8}
		{EE8F29FB-DC68-419D-B031-1359904F919E} = {6BD07BD3-37FE-4BBA-97E9-60BE122264A8}
		{8E685D51-9A1B-476A-BE61-B40B9F70C6AF} = {6BD07BD3-37FE-4BBA-97E9-60BE122264A8}
		{76F748BD-96A8-4F24-AC4F-848B000BB6A8} = {6BD07BD3-37FE-4BBA-97E9-60BE122264A8}
	EndGlobalSection
	GlobalSection(ExtensibilityGlobals) = postSolution
		SolutionGuid = {477F21D9-362A-48BD-AB02-0D554E0028D6}
	EndGlobalSection
EndGlobal
